
Microsoft Visual Studio Solution File, Format Version 12.00
# Visual Studio Version 16
VisualStudioVersion = 16.0.29403.142
MinimumVisualStudioVersion = 10.0.40219.1
Project("{FAE04EC0-301F-11D3-BF4B-00C04F79EFBC}") = "ClassStructure", "ClassStructure.csproj", "{DC2DB144-BF18-45F4-ACFA-E0701749FB4E}"
EndProject
Global
	GlobalSection(SolutionConfigurationPlatforms) = preSolution
		Debug|Any CPU = Debug|Any CPU
		Release|Any CPU = Release|Any CPU
	EndGlobalSection
	GlobalSection(ProjectConfigurationPlatforms) = postSolution
		{DC2DB144-BF18-45F4-ACFA-E0701749FB4E}.Debug|Any CPU.ActiveCfg = Debug|Any CPU
		{DC2DB144-BF18-45F4-ACFA-E0701749FB4E}.Debug|Any CPU.Build.0 = Debug|Any CPU
		{DC2DB144-BF18-45F4-ACFA-E0701749FB4E}.Release|Any CPU.ActiveCfg = Release|Any CPU
		{DC2DB144-BF18-45F4-ACFA-E0701749FB4E}.Release|Any CPU.Build.0 = Release|Any CPU
	EndGlobalSection
	GlobalSection(SolutionProperties) = preSolution
		HideSolutionNode = FALSE
	EndGlobalSection
	GlobalSection(ExtensibilityGlobals) = postSolution
		SolutionGuid = {BF27FC75-18EA-4410-AC4A-1B384EA8306F}
	EndGlobalSection
EndGlobal
